
Microsoft Visual Studio Solution File, Format Version 12.00
# Visual Studio 2017
Project("{FAE04EC0-301F-11D3-BF4B-00C04F79EFBC}") = "TowerDefence.Plugins", "TowerDefence.Plugins.csproj", "{FE3F083A-B8BE-C270-469C-62418A1AB081}"
EndProject
Project("{FAE04EC0-301F-11D3-BF4B-00C04F79EFBC}") = "TowerDefence", "TowerDefence.csproj", "{F4849787-9D43-3104-EEB3-247690337ABA}"
EndProject
Project("{FAE04EC0-301F-11D3-BF4B-00C04F79EFBC}") = "TowerDefence.Editor.Plugins", "TowerDefence.Editor.Plugins.csproj", "{B260D652-95A3-8832-D4E3-5D6E819D2A80}"
EndProject
Project("{FAE04EC0-301F-11D3-BF4B-00C04F79EFBC}") = "TowerDefence.Editor", "TowerDefence.Editor.csproj", "{504B8AA1-87C7-C6DB-0DB0-78E5CEA47A74}"
EndProject
Global
	GlobalSection(SolutionConfigurationPlatforms) = preSolution
		Debug|Any CPU = Debug|Any CPU
		Release|Any CPU = Release|Any CPU
	EndGlobalSection
	GlobalSection(ProjectConfigurationPlatforms) = postSolution
		{FE3F083A-B8BE-C270-469C-62418A1AB081}.Debug|Any CPU.ActiveCfg = Debug|Any CPU
		{FE3F083A-B8BE-C270-469C-62418A1AB081}.Debug|Any CPU.Build.0 = Debug|Any CPU
		{FE3F083A-B8BE-C270-469C-62418A1AB081}.Release|Any CPU.ActiveCfg = Release|Any CPU
		{FE3F083A-B8BE-C270-469C-62418A1AB081}.Release|Any CPU.Build.0 = Release|Any CPU
		{F4849787-9D43-3104-EEB3-247690337ABA}.Debug|Any CPU.ActiveCfg = Debug|Any CPU
		{F4849787-9D43-3104-EEB3-247690337ABA}.Debug|Any CPU.Build.0 = Debug|Any CPU
		{F4849787-9D43-3104-EEB3-247690337ABA}.Release|Any CPU.ActiveCfg = Release|Any CPU
		{F4849787-9D43-3104-EEB3-247690337ABA}.Release|Any CPU.Build.0 = Release|Any CPU
		{B260D652-95A3-8832-D4E3-5D6E819D2A80}.Debug|Any CPU.ActiveCfg = Debug|Any CPU
		{B260D652-95A3-8832-D4E3-5D6E819D2A80}.Debug|Any CPU.Build.0 = Debug|Any CPU
		{B260D652-95A3-8832-D4E3-5D6E819D2A80}.Release|Any CPU.ActiveCfg = Release|Any CPU
		{B260D652-95A3-8832-D4E3-5D6E819D2A80}.Release|Any CPU.Build.0 = Release|Any CPU
		{504B8AA1-87C7-C6DB-0DB0-78E5CEA47A74}.Debug|Any CPU.ActiveCfg = Debug|Any CPU
		{504B8AA1-87C7-C6DB-0DB0-78E5CEA47A74}.Debug|Any CPU.Build.0 = Debug|Any CPU
		{504B8AA1-87C7-C6DB-0DB0-78E5CEA47A74}.Release|Any CPU.ActiveCfg = Release|Any CPU
		{504B8AA1-87C7-C6DB-0DB0-78E5CEA47A74}.Release|Any CPU.Build.0 = Release|Any CPU
	EndGlobalSection
	GlobalSection(SolutionProperties) = preSolution
		HideSolutionNode = FALSE
	EndGlobalSection
EndGlobal
